
Microsoft Visual Studio Solution File, Format Version 12.00
# Visual Studio Version 17
VisualStudioVersion = 17.10.34928.147
MinimumVisualStudioVersion = 10.0.40219.1
Project("{2150E333-8FDC-42A3-9474-1A3956D46DE8}") = "Src", "Src", "{8CAB71B3-1409-44A3-A906-AB48F33CCB0A}"
EndProject
Project("{9A19103F-16F7-4668-BE54-9A1E7A4F7556}") = "Application", "Src\Core\Application\Application.csproj", "{1FCE6C57-73E9-4AE9-B379-1E0F26810E37}"
EndProject
Project("{2150E333-8FDC-42A3-9474-1A3956D46DE8}") = "Core", "Core", "{DC5F02F9-A8D6-496F-91A8-889E588AC0D2}"
EndProject
Project("{2150E333-8FDC-42A3-9474-1A3956D46DE8}") = "Infrastructure", "Infrastructure", "{29C3A4A6-1909-4B2A-8A6F-79E1FFBEBF1D}"
EndProject
Project("{2150E333-8FDC-42A3-9474-1A3956D46DE8}") = "Presentation", "Presentation", "{8EA24F81-11EB-459C-951B-D2B783D70680}"
EndProject
Project("{9A19103F-16F7-4668-BE54-9A1E7A4F7556}") = "Common", "Src\Core\Common\Common.csproj", "{51B2075E-5E9D-4451-BE95-6DF259F7DF72}"
EndProject
Project("{9A19103F-16F7-4668-BE54-9A1E7A4F7556}") = "Domain", "Src\Core\Domain\Domain.csproj", "{BADC4CAF-42D6-4023-9FB0-4A6C1EDC1AB7}"
EndProject
Project("{9A19103F-16F7-4668-BE54-9A1E7A4F7556}") = "Infrastructure", "Src\Infrastructure\Infrastructure\Infrastructure.csproj", "{332F27DF-5227-4794-830A-F9CE229551A6}"
EndProject
Project("{9A19103F-16F7-4668-BE54-9A1E7A4F7556}") = "Persistence", "Src\Infrastructure\Persistence\Persistence.csproj", "{4B2E8106-05D6-4431-A5A7-780CE26542BF}"
EndProject
Project("{9A19103F-16F7-4668-BE54-9A1E7A4F7556}") = "WebApi", "Src\Presentation\WebApi\WebApi.csproj", "{5797D317-CD03-407F-A86C-FCC9BD7A1553}"
EndProject
Global
	GlobalSection(SolutionConfigurationPlatforms) = preSolution
		Debug|Any CPU = Debug|Any CPU
		Release|Any CPU = Release|Any CPU
	EndGlobalSection
	GlobalSection(ProjectConfigurationPlatforms) = postSolution
		{1FCE6C57-73E9-4AE9-B379-1E0F26810E37}.Debug|Any CPU.ActiveCfg = Debug|Any CPU
		{1FCE6C57-73E9-4AE9-B379-1E0F26810E37}.Debug|Any CPU.Build.0 = Debug|Any CPU
		{1FCE6C57-73E9-4AE9-B379-1E0F26810E37}.Release|Any CPU.ActiveCfg = Release|Any CPU
		{1FCE6C57-73E9-4AE9-B379-1E0F26810E37}.Release|Any CPU.Build.0 = Release|Any CPU
		{51B2075E-5E9D-4451-BE95-6DF259F7DF72}.Debug|Any CPU.ActiveCfg = Debug|Any CPU
		{51B2075E-5E9D-4451-BE95-6DF259F7DF72}.Debug|Any CPU.Build.0 = Debug|Any CPU
		{51B2075E-5E9D-4451-BE95-6DF259F7DF72}.Release|Any CPU.ActiveCfg = Release|Any CPU
		{51B2075E-5E9D-4451-BE95-6DF259F7DF72}.Release|Any CPU.Build.0 = Release|Any CPU
		{BADC4CAF-42D6-4023-9FB0-4A6C1EDC1AB7}.Debug|Any CPU.ActiveCfg = Debug|Any CPU
		{BADC4CAF-42D6-4023-9FB0-4A6C1EDC1AB7}.Debug|Any CPU.Build.0 = Debug|Any CPU
		{BADC4CAF-42D6-4023-9FB0-4A6C1EDC1AB7}.Release|Any CPU.ActiveCfg = Release|Any CPU
		{BADC4CAF-42D6-4023-9FB0-4A6C1EDC1AB7}.Release|Any CPU.Build.0 = Release|Any CPU
		{332F27DF-5227-4794-830A-F9CE229551A6}.Debug|Any CPU.ActiveCfg = Debug|Any CPU
		{332F27DF-5227-4794-830A-F9CE229551A6}.Debug|Any CPU.Build.0 = Debug|Any CPU
		{332F27DF-5227-4794-830A-F9CE229551A6}.Release|Any CPU.ActiveCfg = Release|Any CPU
		{332F27DF-5227-4794-830A-F9CE229551A6}.Release|Any CPU.Build.0 = Release|Any CPU
		{4B2E8106-05D6-4431-A5A7-780CE26542BF}.Debug|Any CPU.ActiveCfg = Debug|Any CPU
		{4B2E8106-05D6-4431-A5A7-780CE26542BF}.Debug|Any CPU.Build.0 = Debug|Any CPU
		{4B2E8106-05D6-4431-A5A7-780CE26542BF}.Release|Any CPU.ActiveCfg = Release|Any CPU
		{4B2E8106-05D6-4431-A5A7-780CE26542BF}.Release|Any CPU.Build.0 = Release|Any CPU
		{5797D317-CD03-407F-A86C-FCC9BD7A1553}.Debug|Any CPU.ActiveCfg = Debug|Any CPU
		{5797D317-CD03-407F-A86C-FCC9BD7A1553}.Debug|Any CPU.Build.0 = Debug|Any CPU
		{5797D317-CD03-407F-A86C-FCC9BD7A1553}.Release|Any CPU.ActiveCfg = Release|Any CPU
		{5797D317-CD03-407F-A86C-FCC9BD7A1553}.Release|Any CPU.Build.0 = Release|Any CPU
	EndGlobalSection
	GlobalSection(SolutionProperties) = preSolution
		HideSolutionNode = FALSE
	EndGlobalSection
	GlobalSection(NestedProjects) = preSolution
		{1FCE6C57-73E9-4AE9-B379-1E0F26810E37} = {DC5F02F9-A8D6-496F-91A8-889E588AC0D2}
		{DC5F02F9-A8D6-496F-91A8-889E588AC0D2} = {8CAB71B3-1409-44A3-A906-AB48F33CCB0A}
		{29C3A4A6-1909-4B2A-8A6F-79E1FFBEBF1D} = {8CAB71B3-1409-44A3-A906-AB48F33CCB0A}
		{8EA24F81-11EB-459C-951B-D2B783D70680} = {8CAB71B3-1409-44A3-A906-AB48F33CCB0A}
		{51B2075E-5E9D-4451-BE95-6DF259F7DF72} = {DC5F02F9-A8D6-496F-91A8-889E588AC0D2}
		{BADC4CAF-42D6-4023-9FB0-4A6C1EDC1AB7} = {DC5F02F9-A8D6-496F-91A8-889E588AC0D2}
		{332F27DF-5227-4794-830A-F9CE229551A6} = {29C3A4A6-1909-4B2A-8A6F-79E1FFBEBF1D}
		{4B2E8106-05D6-4431-A5A7-780CE26542BF} = {29C3A4A6-1909-4B2A-8A6F-79E1FFBEBF1D}
		{5797D317-CD03-407F-A86C-FCC9BD7A1553} = {8EA24F81-11EB-459C-951B-D2B783D70680}
	EndGlobalSection
	GlobalSection(ExtensibilityGlobals) = postSolution
		SolutionGuid = {00873214-F4A1-432A-AA90-BD1B0A7102C3}
	EndGlobalSection
EndGlobal
